
Microsoft Visual Studio Solution File, Format Version 12.00
# Visual Studio Version 16
VisualStudioVersion = 16.0.29123.88
MinimumVisualStudioVersion = 10.0.40219.1
Project("{FAE04EC0-301F-11D3-BF4B-00C04F79EFBC}") = "NewWebApi", "NewWebApi\NewWebApi.csproj", "{A79271F9-BACC-454F-B8BE-EDAE6C5035F7}"
EndProject
Project("{FAE04EC0-301F-11D3-BF4B-00C04F79EFBC}") = "NewWebApiTests", "NewWebApiTests\NewWebApiTests.csproj", "{CEF74F57-F236-4960-8A53-92BBBBA31797}"
EndProject
Global
	GlobalSection(SolutionConfigurationPlatforms) = preSolution
		Debug|Any CPU = Debug|Any CPU
		Release|Any CPU = Release|Any CPU
	EndGlobalSection
	GlobalSection(ProjectConfigurationPlatforms) = postSolution
		{A79271F9-BACC-454F-B8BE-EDAE6C5035F7}.Debug|Any CPU.ActiveCfg = Debug|Any CPU
		{A79271F9-BACC-454F-B8BE-EDAE6C5035F7}.Debug|Any CPU.Build.0 = Debug|Any CPU
		{A79271F9-BACC-454F-B8BE-EDAE6C5035F7}.Release|Any CPU.ActiveCfg = Release|Any CPU
		{A79271F9-BACC-454F-B8BE-EDAE6C5035F7}.Release|Any CPU.Build.0 = Release|Any CPU
		{CEF74F57-F236-4960-8A53-92BBBBA31797}.Debug|Any CPU.ActiveCfg = Debug|Any CPU
		{CEF74F57-F236-4960-8A53-92BBBBA31797}.Debug|Any CPU.Build.0 = Debug|Any CPU
		{CEF74F57-F236-4960-8A53-92BBBBA31797}.Release|Any CPU.ActiveCfg = Release|Any CPU
		{CEF74F57-F236-4960-8A53-92BBBBA31797}.Release|Any CPU.Build.0 = Release|Any CPU
	EndGlobalSection
	GlobalSection(SolutionProperties) = preSolution
		HideSolutionNode = FALSE
	EndGlobalSection
	GlobalSection(ExtensibilityGlobals) = postSolution
		SolutionGuid = {26748E57-D1C3-4B29-885C-86508DF30E0D}
	EndGlobalSection
EndGlobal
